// !$*UTF8*$!
{
	archiveVersion = 1;
	classes = {
	};
	objectVersion = 46;
	objects = {

/* Begin PBXBuildFile section */
		204B01D51D183D85000D8EBC /* AppDelegate.swift in Sources */ = {isa = PBXBuildFile; fileRef = 204B01D41D183D85000D8EBC /* AppDelegate.swift */; };
		204B01D71D183D85000D8EBC /* TableViewController.swift in Sources */ = {isa = PBXBuildFile; fileRef = 204B01D61D183D85000D8EBC /* TableViewController.swift */; };
		204B01DA1D183D85000D8EBC /* Main.storyboard in Resources */ = {isa = PBXBuildFile; fileRef = 204B01D81D183D85000D8EBC /* Main.storyboard */; };
		204B01DD1D183D85000D8EBC /* OpenLibraryApp.xcdatamodeld in Sources */ = {isa = PBXBuildFile; fileRef = 204B01DB1D183D85000D8EBC /* OpenLibraryApp.xcdatamodeld */; };
		204B01DF1D183D86000D8EBC /* Assets.xcassets in Resources */ = {isa = PBXBuildFile; fileRef = 204B01DE1D183D86000D8EBC /* Assets.xcassets */; };
		204B01E21D183D86000D8EBC /* LaunchScreen.storyboard in Resources */ = {isa = PBXBuildFile; fileRef = 204B01E01D183D86000D8EBC /* LaunchScreen.storyboard */; };
		204B01EC1D186F1A000D8EBC /* DetalleViewController.swift in Sources */ = {isa = PBXBuildFile; fileRef = 204B01EB1D186F1A000D8EBC /* DetalleViewController.swift */; };
		204B01EE1D189338000D8EBC /* Imagenes in Resources */ = {isa = PBXBuildFile; fileRef = 204B01ED1D189337000D8EBC /* Imagenes */; };
/* End PBXBuildFile section */

/* Begin PBXFileReference section */
		204B01D11D183D85000D8EBC /* OLApp.app */ = {isa = PBXFileReference; explicitFileType = wrapper.application; includeInIndex = 0; path = OLApp.app; sourceTree = BUILT_PRODUCTS_DIR; };
		204B01D41D183D85000D8EBC /* AppDelegate.swift */ = {isa = PBXFileReference; lastKnownFileType = sourcecode.swift; path = AppDelegate.swift; sourceTree = "<group>"; };
		204B01D61D183D85000D8EBC /* TableViewController.swift */ = {isa = PBXFileReference; lastKnownFileType = sourcecode.swift; path = TableViewController.swift; sourceTree = "<group>"; };
		204B01D91D183D85000D8EBC /* Base */ = {isa = PBXFileReference; lastKnownFileType = file.storyboard; name = Base; path = Base.lproj/Main.storyboard; sourceTree = "<group>"; };
		204B01DC1D183D85000D8EBC /* OpenLibraryApp.xcdatamodel */ = {isa = PBXFileReference; lastKnownFileType = wrapper.xcdatamodel; path = OpenLibraryApp.xcdatamodel; sourceTree = "<group>"; };
		204B01DE1D183D86000D8EBC /* Assets.xcassets */ = {isa = PBXFileReference; lastKnownFileType = folder.assetcatalog; path = Assets.xcassets; sourceTree = "<group>"; };
		204B01E11D183D86000D8EBC /* Base */ = {isa = PBXFileReference; lastKnownFileType = file.storyboard; name = Base; path = Base.lproj/LaunchScreen.storyboard; sourceTree = "<group>"; };
		204B01E31D183D86000D8EBC /* Info.plist */ = {isa = PBXFileReference; lastKnownFileType = text.plist.xml; path = Info.plist; sourceTree = "<group>"; };
		204B01EB1D186F1A000D8EBC /* DetalleViewController.swift */ = {isa = PBXFileReference; fileEncoding = 4; lastKnownFileType = sourcecode.swift; path = DetalleViewController.swift; sourceTree = "<group>"; };
		204B01ED1D189337000D8EBC /* Imagenes */ = {isa = PBXFileReference; lastKnownFileType = folder; name = Imagenes; path = OpenLibraryApp/Imagenes; sourceTree = "<group>"; };
/* End PBXFileReference section */

/* Begin PBXFrameworksBuildPhase section */
		204B01CE1D183D85000D8EBC /* Frameworks */ = {
			isa = PBXFrameworksBuildPhase;
			buildActionMask = 2147483647;
			files = (
			);
			runOnlyForDeploymentPostprocessing = 0;
		};
/* End PBXFrameworksBuildPhase section */

/* Begin PBXGroup section */
		204B01C81D183D85000D8EBC = {
			isa = PBXGroup;
			children = (
				204B01ED1D189337000D8EBC /* Imagenes */,
				204B01D31D183D85000D8EBC /* OpenLibraryApp */,
				204B01D21D183D85000D8EBC /* Products */,
			);
			sourceTree = "<group>";
		};
		204B01D21D183D85000D8EBC /* Products */ = {
			isa = PBXGroup;
			children = (
				204B01D11D183D85000D8EBC /* OLApp.app */,
			);
			name = Products;
			sourceTree = "<group>";
		};
		204B01D31D183D85000D8EBC /* OpenLibraryApp */ = {
			isa = PBXGroup;
			children = (
				204B01D41D183D85000D8EBC /* AppDelegate.swift */,
				204B01D61D183D85000D8EBC /* TableViewController.swift */,
				204B01EB1D186F1A000D8EBC /* DetalleViewController.swift */,
				204B01D81D183D85000D8EBC /* Main.storyboard */,
				204B01E01D183D86000D8EBC /* LaunchScreen.storyboard */,
				204B01DE1D183D86000D8EBC /* Assets.xcassets */,
				204B01E31D183D86000D8EBC /* Info.plist */,
				204B01DB1D183D85000D8EBC /* OpenLibraryApp.xcdatamodeld */,
			);
			path = OpenLibraryApp;
			sourceTree = "<group>";
		};
/* End PBXGroup section */

/* Begin PBXNativeTarget section */
		204B01D01D183D85000D8EBC /* OLApp */ = {
			isa = PBXNativeTarget;
			buildConfigurationList = 204B01E61D183D86000D8EBC /* Build configuration list for PBXNativeTarget "OLApp" */;
			buildPhases = (
				204B01CD1D183D85000D8EBC /* Sources */,
				204B01CE1D183D85000D8EBC /* Frameworks */,
				204B01CF1D183D85000D8EBC /* Resources */,
			);
			buildRules = (
			);
			dependencies = (
			);
			name = OLApp;
			productName = OpenLibraryApp;
			productReference = 204B01D11D183D85000D8EBC /* OLApp.app */;
			productType = "com.apple.product-type.application";
		};
/* End PBXNativeTarget section */

/* Begin PBXProject section */
		204B01C91D183D85000D8EBC /* Project object */ = {
			isa = PBXProject;
			attributes = {
				LastSwiftUpdateCheck = 0730;
				LastUpgradeCheck = 0730;
				ORGANIZATIONNAME = "Gerardo Villarroel";
				TargetAttributes = {
					204B01D01D183D85000D8EBC = {
						CreatedOnToolsVersion = 7.3;
						DevelopmentTeam = 475939Z3R3;
					};
				};
			};
			buildConfigurationList = 204B01CC1D183D85000D8EBC /* Build configuration list for PBXProject "OLApp" */;
			compatibilityVersion = "Xcode 3.2";
			developmentRegion = English;
			hasScannedForEncodings = 0;
			knownRegions = (
				en,
				Base,
			);
			mainGroup = 204B01C81D183D85000D8EBC;
			productRefGroup = 204B01D21D183D85000D8EBC /* Products */;
			projectDirPath = "";
			projectRoot = "";
			targets = (
				204B01D01D183D85000D8EBC /* OLApp */,
			);
		};
/* End PBXProject section */

/* Begin PBXResourcesBuildPhase section */
		204B01CF1D183D85000D8EBC /* Resources */ = {
			isa = PBXResourcesBuildPhase;
			buildActionMask = 2147483647;
			files = (
				204B01E21D183D86000D8EBC /* LaunchScreen.storyboard in Resources */,
				204B01EE1D189338000D8EBC /* Imagenes in Resources */,
				204B01DF1D183D86000D8EBC /* Assets.xcassets in Resources */,
				204B01DA1D183D85000D8EBC /* Main.storyboard in Resources */,
			);
			runOnlyForDeploymentPostprocessing = 0;
		};
/* End PBXResourcesBuildPhase section */

/* Begin PBXSourcesBuildPhase section */
		204B01CD1D183D85000D8EBC /* Sources */ = {
			isa = PBXSourcesBuildPhase;
			buildActionMask = 2147483647;
			files = (
				204B01EC1D186F1A000D8EBC /* DetalleViewController.swift in Sources */,
				204B01DD1D183D85000D8EBC /* OpenLibraryApp.xcdatamodeld in Sources */,
				204B01D71D183D85000D8EBC /* TableViewController.swift in Sources */,
				204B01D51D183D85000D8EBC /* AppDelegate.swift in Sources */,
			);
			runOnlyForDeploymentPostprocessing = 0;
		};
/* End PBXSourcesBuildPhase section */

/* Begin PBXVariantGroup section */
		204B01D81D183D85000D8EBC /* Main.storyboard */ = {
			isa = PBXVariantGroup;
			children = (
				204B01D91D183D85000D8EBC /* Base */,
			);
			name = Main.storyboard;
			sourceTree = "<group>";
		};
		204B01E01D183D86000D8EBC /* LaunchScreen.storyboard */ = {
			isa = PBXVariantGroup;
			children = (
				204B01E11D183D86000D8EBC /* Base */,
			);
			name = LaunchScreen.storyboard;
			sourceTree = "<group>";
		};
/* End PBXVariantGroup section */

/* Begin XCBuildConfiguration section */
		204B01E41D183D86000D8EBC /* Debug */ = {
			isa = XCBuildConfiguration;
			buildSettings = {
				ALWAYS_SEARCH_USER_PATHS = NO;
				CLANG_ANALYZER_NONNULL = YES;
				CLANG_CXX_LANGUAGE_STANDARD = "gnu++0x";
				CLANG_CXX_LIBRARY = "libc++";
				CLANG_ENABLE_MODULES = YES;
				CLANG_ENABLE_OBJC_ARC = YES;
				CLANG_WARN_BOOL_CONVERSION = YES;
				CLANG_WARN_CONSTANT_CONVERSION = YES;
				CLANG_WARN_DIRECT_OBJC_ISA_USAGE = YES_ERROR;
				CLANG_WARN_EMPTY_BODY = YES;
				CLANG_WARN_ENUM_CONVERSION = YES;
				CLANG_WARN_INT_CONVERSION = YES;
				CLANG_WARN_OBJC_ROOT_CLASS = YES_ERROR;
				CLANG_WARN_UNREACHABLE_CODE = YES;
				CLANG_WARN__DUPLICATE_METHOD_MATCH = YES;
				"CODE_SIGN_IDENTITY[sdk=iphoneos*]" = "iPhone Developer";
				COPY_PHASE_STRIP = NO;
				DEBUG_INFORMATION_FORMAT = dwarf;
				ENABLE_STRICT_OBJC_MSGSEND = YES;
				ENABLE_TESTABILITY = YES;
				GCC_C_LANGUAGE_STANDARD = gnu99;
				GCC_DYNAMIC_NO_PIC = NO;
				GCC_NO_COMMON_BLOCKS = YES;
				GCC_OPTIMIZATION_LEVEL = 0;
				GCC_PREPROCESSOR_DEFINITIONS = (
					"DEBUG=1",
					"$(inherited)",
				);
				GCC_WARN_64_TO_32_BIT_CONVERSION = YES;
				GCC_WARN_ABOUT_RETURN_TYPE = YES_ERROR;
				GCC_WARN_UNDECLARED_SELECTOR = YES;
				GCC_WARN_UNINITIALIZED_AUTOS = YES_AGGRESSIVE;
				GCC_WARN_UNUSED_FUNCTION = YES;
				GCC_WARN_UNUSED_VARIABLE = YES;
				IPHONEOS_DEPLOYMENT_TARGET = 9.3;
				MTL_ENABLE_DEBUG_INFO = YES;
				ONLY_ACTIVE_ARCH = YES;
				SDKROOT = iphoneos;
				SWIFT_OPTIMIZATION_LEVEL = "-Onone";
			};
			name = Debug;
		};
		204B01E51D183D86000D8EBC /* Release */ = {
			isa = XCBuildConfiguration;
			buildSettings = {
				ALWAYS_SEARCH_USER_PATHS = NO;
				CLANG_ANALYZER_NONNULL = YES;
				CLANG_CXX_LANGUAGE_STANDARD = "gnu++0x";
				CLANG_CXX_LIBRARY = "libc++";
				CLANG_ENABLE_MODULES = YES;
				CLANG_ENABLE_OBJC_ARC = YES;
				CLANG_WARN_BOOL_CONVERSION = YES;
				CLANG_WARN_CONSTANT_CONVERSION = YES;
				CLANG_WARN_DIRECT_OBJC_ISA_USAGE = YES_ERROR;
				CLANG_WARN_EMPTY_BODY = YES;
				CLANG_WARN_ENUM_CONVERSION = YES;
				CLANG_WARN_INT_CONVERSION = YES;
				CLANG_WARN_OBJC_ROOT_CLASS = YES_ERROR;
				CLANG_WARN_UNREACHABLE_CODE = YES;
				CLANG_WARN__DUPLICATE_METHOD_MATCH = YES;
				"CODE_SIGN_IDENTITY[sdk=iphoneos*]" = "iPhone Developer";
				COPY_PHASE_STRIP = NO;
				DEBUG_INFORMATION_FORMAT = "dwarf-with-dsym";
				ENABLE_NS_ASSERTIONS = NO;
				ENABLE_STRICT_OBJC_MSGSEND = YES;
				GCC_C_LANGUAGE_STANDARD = gnu99;
				GCC_NO_COMMON_BLOCKS = YES;
				GCC_WARN_64_TO_32_BIT_CONVERSION = YES;
				GCC_WARN_ABOUT_RETURN_TYPE = YES_ERROR;
				GCC_WARN_UNDECLARED_SELECTOR = YES;
				GCC_WARN_UNINITIALIZED_AUTOS = YES_AGGRESSIVE;
				GCC_WARN_UNUSED_FUNCTION = YES;
				GCC_WARN_UNUSED_VARIABLE = YES;
				IPHONEOS_DEPLOYMENT_TARGET = 9.3;
				MTL_ENABLE_DEBUG_INFO = NO;
				SDKROOT = iphoneos;
				VALIDATE_PRODUCT = YES;
			};
			name = Release;
		};
		204B01E71D183D86000D8EBC /* Debug */ = {
			isa = XCBuildConfiguration;
			buildSettings = {
				ASSETCATALOG_COMPILER_APPICON_NAME = AppIcon;
				INFOPLIST_FILE = OpenLibraryApp/Info.plist;
				IPHONEOS_DEPLOYMENT_TARGET = 9.2;
				LD_RUNPATH_SEARCH_PATHS = "$(inherited) @executable_path/Frameworks";
				PRODUCT_BUNDLE_IDENTIFIER = gerardovillarroel.OpenLibraryApp;
				PRODUCT_NAME = OLApp;
			};
			name = Debug;
		};
		204B01E81D183D86000D8EBC /* Release */ = {
			isa = XCBuildConfiguration;
			buildSettings = {
				ASSETCATALOG_COMPILER_APPICON_NAME = AppIcon;
				INFOPLIST_FILE = OpenLibraryApp/Info.plist;
				IPHONEOS_DEPLOYMENT_TARGET = 9.2;
				LD_RUNPATH_SEARCH_PATHS = "$(inherited) @executable_path/Frameworks";
				PRODUCT_BUNDLE_IDENTIFIER = gerardovillarroel.OpenLibraryApp;
				PRODUCT_NAME = OLApp;
			};
			name = Release;
		};
/* End XCBuildConfiguration section */

/* Begin XCConfigurationList section */
		204B01CC1D183D85000D8EBC /* Build configuration list for PBXProject "OLApp" */ = {
			isa = XCConfigurationList;
			buildConfigurations = (
				204B01E41D183D86000D8EBC /* Debug */,
				204B01E51D183D86000D8EBC /* Release */,
			);
			defaultConfigurationIsVisible = 0;
			defaultConfigurationName = Release;
		};
		204B01E61D183D86000D8EBC /* Build configuration list for PBXNativeTarget "OLApp" */ = {
			isa = XCConfigurationList;
			buildConfigurations = (
				204B01E71D183D86000D8EBC /* Debug */,
				204B01E81D183D86000D8EBC /* Release */,
			);
			defaultConfigurationIsVisible = 0;
			defaultConfigurationName = Release;
		};
/* End XCConfigurationList section */

/* Begin XCVersionGroup section */
		204B01DB1D183D85000D8EBC /* OpenLibraryApp.xcdatamodeld */ = {
			isa = XCVersionGroup;
			children = (
				204B01DC1D183D85000D8EBC /* OpenLibraryApp.xcdatamodel */,
			);
			currentVersion = 204B01DC1D183D85000D8EBC /* OpenLibraryApp.xcdatamodel */;
			path = OpenLibraryApp.xcdatamodeld;
			sourceTree = "<group>";
			versionGroupType = wrapper.xcdatamodel;
		};
/* End XCVersionGroup section */
	};
	rootObject = 204B01C91D183D85000D8EBC /* Project object */;
}
